
Microsoft Visual Studio Solution File, Format Version 12.00
# Visual Studio 2013
VisualStudioVersion = 12.0.30723.0
MinimumVisualStudioVersion = 10.0.40219.1
Project("{FAE04EC0-301F-11D3-BF4B-00C04F79EFBC}") = "MedicalCard", "MedicalCard\MedicalCard.csproj", "{B457D709-46FF-4F80-BA6C-5FD6D1DDB53E}"
EndProject
Project("{2150E333-8FDC-42A3-9474-1A3956D46DE8}") = "Back-End", "Back-End", "{FBCB8C30-2F9D-4FD3-BFDD-7E79A3DAA3BC}"
EndProject
Project("{2150E333-8FDC-42A3-9474-1A3956D46DE8}") = "BLL", "BLL", "{0C1F8255-3DAE-4114-830D-66A64308F5B6}"
EndProject
Project("{2150E333-8FDC-42A3-9474-1A3956D46DE8}") = "Shared", "Shared", "{90969B2F-867D-4C1B-A049-7F62169FC418}"
EndProject
Project("{2150E333-8FDC-42A3-9474-1A3956D46DE8}") = "DAL", "DAL", "{2B3B3933-4176-409B-8F0E-7FBF0D4CF996}"
EndProject
Project("{2150E333-8FDC-42A3-9474-1A3956D46DE8}") = "PL", "PL", "{601690C7-2A59-4738-9D57-B2C5B31A0249}"
EndProject
Project("{2150E333-8FDC-42A3-9474-1A3956D46DE8}") = "Front-End", "Front-End", "{8CA32AB3-8240-468A-BF81-F8AAD4AD177F}"
EndProject
Project("{FAE04EC0-301F-11D3-BF4B-00C04F79EFBC}") = "MedicalCard.DAL", "MedicalCard.DAL\MedicalCard.DAL.csproj", "{78F829AF-A8FA-47EC-B068-2399FE7DC98D}"
EndProject
Project("{FAE04EC0-301F-11D3-BF4B-00C04F79EFBC}") = "MedicalCard.BLL", "MedicalCard.BLL\MedicalCard.BLL.csproj", "{786AEE1F-780C-47C0-824A-0FFEFA0D4843}"
EndProject
Project("{FAE04EC0-301F-11D3-BF4B-00C04F79EFBC}") = "MedicalCard.Common", "MedicalCard.Common\MedicalCard.Common.csproj", "{F3797235-C7F1-4F87-9F11-555F5B89DBBB}"
EndProject
Project("{FAE04EC0-301F-11D3-BF4B-00C04F79EFBC}") = "MedicalCard.Entities", "MedicalCard.Entities\MedicalCard.Entities.csproj", "{42F3B05F-249D-4840-A2B5-76B59E39E429}"
EndProject
Global
	GlobalSection(SolutionConfigurationPlatforms) = preSolution
		Debug|Any CPU = Debug|Any CPU
		Release|Any CPU = Release|Any CPU
	EndGlobalSection
	GlobalSection(ProjectConfigurationPlatforms) = postSolution
		{B457D709-46FF-4F80-BA6C-5FD6D1DDB53E}.Debug|Any CPU.ActiveCfg = Debug|Any CPU
		{B457D709-46FF-4F80-BA6C-5FD6D1DDB53E}.Debug|Any CPU.Build.0 = Debug|Any CPU
		{B457D709-46FF-4F80-BA6C-5FD6D1DDB53E}.Release|Any CPU.ActiveCfg = Release|Any CPU
		{B457D709-46FF-4F80-BA6C-5FD6D1DDB53E}.Release|Any CPU.Build.0 = Release|Any CPU
		{78F829AF-A8FA-47EC-B068-2399FE7DC98D}.Debug|Any CPU.ActiveCfg = Debug|Any CPU
		{78F829AF-A8FA-47EC-B068-2399FE7DC98D}.Debug|Any CPU.Build.0 = Debug|Any CPU
		{78F829AF-A8FA-47EC-B068-2399FE7DC98D}.Release|Any CPU.ActiveCfg = Release|Any CPU
		{78F829AF-A8FA-47EC-B068-2399FE7DC98D}.Release|Any CPU.Build.0 = Release|Any CPU
		{786AEE1F-780C-47C0-824A-0FFEFA0D4843}.Debug|Any CPU.ActiveCfg = Debug|Any CPU
		{786AEE1F-780C-47C0-824A-0FFEFA0D4843}.Debug|Any CPU.Build.0 = Debug|Any CPU
		{786AEE1F-780C-47C0-824A-0FFEFA0D4843}.Release|Any CPU.ActiveCfg = Release|Any CPU
		{786AEE1F-780C-47C0-824A-0FFEFA0D4843}.Release|Any CPU.Build.0 = Release|Any CPU
		{F3797235-C7F1-4F87-9F11-555F5B89DBBB}.Debug|Any CPU.ActiveCfg = Debug|Any CPU
		{F3797235-C7F1-4F87-9F11-555F5B89DBBB}.Debug|Any CPU.Build.0 = Debug|Any CPU
		{F3797235-C7F1-4F87-9F11-555F5B89DBBB}.Release|Any CPU.ActiveCfg = Release|Any CPU
		{F3797235-C7F1-4F87-9F11-555F5B89DBBB}.Release|Any CPU.Build.0 = Release|Any CPU
		{42F3B05F-249D-4840-A2B5-76B59E39E429}.Debug|Any CPU.ActiveCfg = Debug|Any CPU
		{42F3B05F-249D-4840-A2B5-76B59E39E429}.Debug|Any CPU.Build.0 = Debug|Any CPU
		{42F3B05F-249D-4840-A2B5-76B59E39E429}.Release|Any CPU.ActiveCfg = Release|Any CPU
		{42F3B05F-249D-4840-A2B5-76B59E39E429}.Release|Any CPU.Build.0 = Release|Any CPU
	EndGlobalSection
	GlobalSection(SolutionProperties) = preSolution
		HideSolutionNode = FALSE
	EndGlobalSection
	GlobalSection(NestedProjects) = preSolution
		{B457D709-46FF-4F80-BA6C-5FD6D1DDB53E} = {8CA32AB3-8240-468A-BF81-F8AAD4AD177F}
		{0C1F8255-3DAE-4114-830D-66A64308F5B6} = {FBCB8C30-2F9D-4FD3-BFDD-7E79A3DAA3BC}
		{90969B2F-867D-4C1B-A049-7F62169FC418} = {FBCB8C30-2F9D-4FD3-BFDD-7E79A3DAA3BC}
		{2B3B3933-4176-409B-8F0E-7FBF0D4CF996} = {FBCB8C30-2F9D-4FD3-BFDD-7E79A3DAA3BC}
		{601690C7-2A59-4738-9D57-B2C5B31A0249} = {FBCB8C30-2F9D-4FD3-BFDD-7E79A3DAA3BC}
		{78F829AF-A8FA-47EC-B068-2399FE7DC98D} = {2B3B3933-4176-409B-8F0E-7FBF0D4CF996}
		{786AEE1F-780C-47C0-824A-0FFEFA0D4843} = {0C1F8255-3DAE-4114-830D-66A64308F5B6}
		{F3797235-C7F1-4F87-9F11-555F5B89DBBB} = {90969B2F-867D-4C1B-A049-7F62169FC418}
		{42F3B05F-249D-4840-A2B5-76B59E39E429} = {90969B2F-867D-4C1B-A049-7F62169FC418}
	EndGlobalSection
EndGlobal
